// !$*UTF8*$!
{
	archiveVersion = 1;
	classes = {
	};
	objectVersion = 46;
	objects = {

/* Begin PBXBuildFile section */
		11141D0B1AE6D940008037DC /* main.m in Sources */ = {isa = PBXBuildFile; fileRef = 11141D0A1AE6D940008037DC /* main.m */; };
		11141D0E1AE6D940008037DC /* AppDelegate.m in Sources */ = {isa = PBXBuildFile; fileRef = 11141D0D1AE6D940008037DC /* AppDelegate.m */; };
		11141D141AE6D940008037DC /* Main.storyboard in Resources */ = {isa = PBXBuildFile; fileRef = 11141D121AE6D940008037DC /* Main.storyboard */; };
		11141D161AE6D940008037DC /* Images.xcassets in Resources */ = {isa = PBXBuildFile; fileRef = 11141D151AE6D940008037DC /* Images.xcassets */; };
		11141D191AE6D940008037DC /* LaunchScreen.xib in Resources */ = {isa = PBXBuildFile; fileRef = 11141D171AE6D940008037DC /* LaunchScreen.xib */; };
		11141D251AE6D940008037DC /* MultilineCellExampleTests.m in Sources */ = {isa = PBXBuildFile; fileRef = 11141D241AE6D940008037DC /* MultilineCellExampleTests.m */; };
		11141D301AE6D989008037DC /* MultilineCell.m in Sources */ = {isa = PBXBuildFile; fileRef = 11141D2F1AE6D989008037DC /* MultilineCell.m */; };
		11141D331AE6DE7D008037DC /* MyTableViewController.m in Sources */ = {isa = PBXBuildFile; fileRef = 11141D321AE6DE7D008037DC /* MyTableViewController.m */; };
		11141D361AE6F653008037DC /* SelfSizingTableViewController.m in Sources */ = {isa = PBXBuildFile; fileRef = 11141D351AE6F653008037DC /* SelfSizingTableViewController.m */; };
		11141D391AE6F6A2008037DC /* MultilineSelfSizingCell.m in Sources */ = {isa = PBXBuildFile; fileRef = 11141D381AE6F6A2008037DC /* MultilineSelfSizingCell.m */; };
		11141D3C1AE6FFF5008037DC /* DetailViewController.m in Sources */ = {isa = PBXBuildFile; fileRef = 11141D3B1AE6FFF5008037DC /* DetailViewController.m */; };
/* End PBXBuildFile section */

/* Begin PBXContainerItemProxy section */
		11141D1F1AE6D940008037DC /* PBXContainerItemProxy */ = {
			isa = PBXContainerItemProxy;
			containerPortal = 11141CFD1AE6D940008037DC /* Project object */;
			proxyType = 1;
			remoteGlobalIDString = 11141D041AE6D940008037DC;
			remoteInfo = MultilineCellExample;
		};
/* End PBXContainerItemProxy section */

/* Begin PBXFileReference section */
		11141D051AE6D940008037DC /* MultilineCellExample.app */ = {isa = PBXFileReference; explicitFileType = wrapper.application; includeInIndex = 0; path = MultilineCellExample.app; sourceTree = BUILT_PRODUCTS_DIR; };
		11141D091AE6D940008037DC /* Info.plist */ = {isa = PBXFileReference; lastKnownFileType = text.plist.xml; path = Info.plist; sourceTree = "<group>"; };
		11141D0A1AE6D940008037DC /* main.m */ = {isa = PBXFileReference; lastKnownFileType = sourcecode.c.objc; path = main.m; sourceTree = "<group>"; };
		11141D0C1AE6D940008037DC /* AppDelegate.h */ = {isa = PBXFileReference; lastKnownFileType = sourcecode.c.h; path = AppDelegate.h; sourceTree = "<group>"; };
		11141D0D1AE6D940008037DC /* AppDelegate.m */ = {isa = PBXFileReference; lastKnownFileType = sourcecode.c.objc; path = AppDelegate.m; sourceTree = "<group>"; };
		11141D131AE6D940008037DC /* Base */ = {isa = PBXFileReference; lastKnownFileType = file.storyboard; name = Base; path = Base.lproj/Main.storyboard; sourceTree = "<group>"; };
		11141D151AE6D940008037DC /* Images.xcassets */ = {isa = PBXFileReference; lastKnownFileType = folder.assetcatalog; path = Images.xcassets; sourceTree = "<group>"; };
		11141D181AE6D940008037DC /* Base */ = {isa = PBXFileReference; lastKnownFileType = file.xib; name = Base; path = Base.lproj/LaunchScreen.xib; sourceTree = "<group>"; };
		11141D1E1AE6D940008037DC /* MultilineCellExampleTests.xctest */ = {isa = PBXFileReference; explicitFileType = wrapper.cfbundle; includeInIndex = 0; path = MultilineCellExampleTests.xctest; sourceTree = BUILT_PRODUCTS_DIR; };
		11141D231AE6D940008037DC /* Info.plist */ = {isa = PBXFileReference; lastKnownFileType = text.plist.xml; path = Info.plist; sourceTree = "<group>"; };
		11141D241AE6D940008037DC /* MultilineCellExampleTests.m */ = {isa = PBXFileReference; lastKnownFileType = sourcecode.c.objc; path = MultilineCellExampleTests.m; sourceTree = "<group>"; };
		11141D2E1AE6D989008037DC /* MultilineCell.h */ = {isa = PBXFileReference; fileEncoding = 4; lastKnownFileType = sourcecode.c.h; name = MultilineCell.h; path = MultilineCell/MultilineCell.h; sourceTree = SOURCE_ROOT; };
		11141D2F1AE6D989008037DC /* MultilineCell.m */ = {isa = PBXFileReference; fileEncoding = 4; lastKnownFileType = sourcecode.c.objc; name = MultilineCell.m; path = MultilineCell/MultilineCell.m; sourceTree = SOURCE_ROOT; };
		11141D311AE6DE7D008037DC /* MyTableViewController.h */ = {isa = PBXFileReference; fileEncoding = 4; lastKnownFileType = sourcecode.c.h; path = MyTableViewController.h; sourceTree = "<group>"; };
		11141D321AE6DE7D008037DC /* MyTableViewController.m */ = {isa = PBXFileReference; fileEncoding = 4; lastKnownFileType = sourcecode.c.objc; path = MyTableViewController.m; sourceTree = "<group>"; };
		11141D341AE6F653008037DC /* SelfSizingTableViewController.h */ = {isa = PBXFileReference; fileEncoding = 4; lastKnownFileType = sourcecode.c.h; path = SelfSizingTableViewController.h; sourceTree = "<group>"; };
		11141D351AE6F653008037DC /* SelfSizingTableViewController.m */ = {isa = PBXFileReference; fileEncoding = 4; lastKnownFileType = sourcecode.c.objc; path = SelfSizingTableViewController.m; sourceTree = "<group>"; };
		11141D371AE6F6A2008037DC /* MultilineSelfSizingCell.h */ = {isa = PBXFileReference; fileEncoding = 4; lastKnownFileType = sourcecode.c.h; path = MultilineSelfSizingCell.h; sourceTree = "<group>"; };
		11141D381AE6F6A2008037DC /* MultilineSelfSizingCell.m */ = {isa = PBXFileReference; fileEncoding = 4; lastKnownFileType = sourcecode.c.objc; path = MultilineSelfSizingCell.m; sourceTree = "<group>"; };
		11141D3A1AE6FFF5008037DC /* DetailViewController.h */ = {isa = PBXFileReference; fileEncoding = 4; lastKnownFileType = sourcecode.c.h; path = DetailViewController.h; sourceTree = "<group>"; };
		11141D3B1AE6FFF5008037DC /* DetailViewController.m */ = {isa = PBXFileReference; fileEncoding = 4; lastKnownFileType = sourcecode.c.objc; path = DetailViewController.m; sourceTree = "<group>"; };
/* End PBXFileReference section */

/* Begin PBXFrameworksBuildPhase section */
		11141D021AE6D940008037DC /* Frameworks */ = {
			isa = PBXFrameworksBuildPhase;
			buildActionMask = 2147483647;
			files = (
			);
			runOnlyForDeploymentPostprocessing = 0;
		};
		11141D1B1AE6D940008037DC /* Frameworks */ = {
			isa = PBXFrameworksBuildPhase;
			buildActionMask = 2147483647;
			files = (
			);
			runOnlyForDeploymentPostprocessing = 0;
		};
/* End PBXFrameworksBuildPhase section */

/* Begin PBXGroup section */
		11141CFC1AE6D940008037DC = {
			isa = PBXGroup;
			children = (
				11141D071AE6D940008037DC /* MultilineCellExample */,
				11141D211AE6D940008037DC /* MultilineCellExampleTests */,
				11141D061AE6D940008037DC /* Products */,
			);
			sourceTree = "<group>";
		};
		11141D061AE6D940008037DC /* Products */ = {
			isa = PBXGroup;
			children = (
				11141D051AE6D940008037DC /* MultilineCellExample.app */,
				11141D1E1AE6D940008037DC /* MultilineCellExampleTests.xctest */,
			);
			name = Products;
			sourceTree = "<group>";
		};
		11141D071AE6D940008037DC /* MultilineCellExample */ = {
			isa = PBXGroup;
			children = (
				11141D0C1AE6D940008037DC /* AppDelegate.h */,
				11141D0D1AE6D940008037DC /* AppDelegate.m */,
				11141D121AE6D940008037DC /* Main.storyboard */,
				11141D151AE6D940008037DC /* Images.xcassets */,
				11141D171AE6D940008037DC /* LaunchScreen.xib */,
				11141D311AE6DE7D008037DC /* MyTableViewController.h */,
				11141D321AE6DE7D008037DC /* MyTableViewController.m */,
				11141D2E1AE6D989008037DC /* MultilineCell.h */,
				11141D2F1AE6D989008037DC /* MultilineCell.m */,
				11141D341AE6F653008037DC /* SelfSizingTableViewController.h */,
				11141D351AE6F653008037DC /* SelfSizingTableViewController.m */,
				11141D371AE6F6A2008037DC /* MultilineSelfSizingCell.h */,
				11141D381AE6F6A2008037DC /* MultilineSelfSizingCell.m */,
				11141D3A1AE6FFF5008037DC /* DetailViewController.h */,
				11141D3B1AE6FFF5008037DC /* DetailViewController.m */,
				11141D081AE6D940008037DC /* Supporting Files */,
			);
			path = MultilineCellExample;
			sourceTree = "<group>";
		};
		11141D081AE6D940008037DC /* Supporting Files */ = {
			isa = PBXGroup;
			children = (
				11141D091AE6D940008037DC /* Info.plist */,
				11141D0A1AE6D940008037DC /* main.m */,
			);
			name = "Supporting Files";
			sourceTree = "<group>";
		};
		11141D211AE6D940008037DC /* MultilineCellExampleTests */ = {
			isa = PBXGroup;
			children = (
				11141D241AE6D940008037DC /* MultilineCellExampleTests.m */,
				11141D221AE6D940008037DC /* Supporting Files */,
			);
			path = MultilineCellExampleTests;
			sourceTree = "<group>";
		};
		11141D221AE6D940008037DC /* Supporting Files */ = {
			isa = PBXGroup;
			children = (
				11141D231AE6D940008037DC /* Info.plist */,
			);
			name = "Supporting Files";
			sourceTree = "<group>";
		};
/* End PBXGroup section */

/* Begin PBXNativeTarget section */
		11141D041AE6D940008037DC /* MultilineCellExample */ = {
			isa = PBXNativeTarget;
			buildConfigurationList = 11141D281AE6D940008037DC /* Build configuration list for PBXNativeTarget "MultilineCellExample" */;
			buildPhases = (
				11141D011AE6D940008037DC /* Sources */,
				11141D021AE6D940008037DC /* Frameworks */,
				11141D031AE6D940008037DC /* Resources */,
			);
			buildRules = (
			);
			dependencies = (
			);
			name = MultilineCellExample;
			productName = MultilineCellExample;
			productReference = 11141D051AE6D940008037DC /* MultilineCellExample.app */;
			productType = "com.apple.product-type.application";
		};
		11141D1D1AE6D940008037DC /* MultilineCellExampleTests */ = {
			isa = PBXNativeTarget;
			buildConfigurationList = 11141D2B1AE6D940008037DC /* Build configuration list for PBXNativeTarget "MultilineCellExampleTests" */;
			buildPhases = (
				11141D1A1AE6D940008037DC /* Sources */,
				11141D1B1AE6D940008037DC /* Frameworks */,
				11141D1C1AE6D940008037DC /* Resources */,
			);
			buildRules = (
			);
			dependencies = (
				11141D201AE6D940008037DC /* PBXTargetDependency */,
			);
			name = MultilineCellExampleTests;
			productName = MultilineCellExampleTests;
			productReference = 11141D1E1AE6D940008037DC /* MultilineCellExampleTests.xctest */;
			productType = "com.apple.product-type.bundle.unit-test";
		};
/* End PBXNativeTarget section */

/* Begin PBXProject section */
		11141CFD1AE6D940008037DC /* Project object */ = {
			isa = PBXProject;
			attributes = {
				LastUpgradeCheck = 0630;
				ORGANIZATIONNAME = "Phillip Harris";
				TargetAttributes = {
					11141D041AE6D940008037DC = {
						CreatedOnToolsVersion = 6.3;
					};
					11141D1D1AE6D940008037DC = {
						CreatedOnToolsVersion = 6.3;
						TestTargetID = 11141D041AE6D940008037DC;
					};
				};
			};
			buildConfigurationList = 11141D001AE6D940008037DC /* Build configuration list for PBXProject "MultilineCellExample" */;
			compatibilityVersion = "Xcode 3.2";
			developmentRegion = English;
			hasScannedForEncodings = 0;
			knownRegions = (
				en,
				Base,
			);
			mainGroup = 11141CFC1AE6D940008037DC;
			productRefGroup = 11141D061AE6D940008037DC /* Products */;
			projectDirPath = "";
			projectRoot = "";
			targets = (
				11141D041AE6D940008037DC /* MultilineCellExample */,
				11141D1D1AE6D940008037DC /* MultilineCellExampleTests */,
			);
		};
/* End PBXProject section */

/* Begin PBXResourcesBuildPhase section */
		11141D031AE6D940008037DC /* Resources */ = {
			isa = PBXResourcesBuildPhase;
			buildActionMask = 2147483647;
			files = (
				11141D141AE6D940008037DC /* Main.storyboard in Resources */,
				11141D191AE6D940008037DC /* LaunchScreen.xib in Resources */,
				11141D161AE6D940008037DC /* Images.xcassets in Resources */,
			);
			runOnlyForDeploymentPostprocessing = 0;
		};
		11141D1C1AE6D940008037DC /* Resources */ = {
			isa = PBXResourcesBuildPhase;
			buildActionMask = 2147483647;
			files = (
			);
			runOnlyForDeploymentPostprocessing = 0;
		};
/* End PBXResourcesBuildPhase section */

/* Begin PBXSourcesBuildPhase section */
		11141D011AE6D940008037DC /* Sources */ = {
			isa = PBXSourcesBuildPhase;
			buildActionMask = 2147483647;
			files = (
				11141D331AE6DE7D008037DC /* MyTableViewController.m in Sources */,
				11141D391AE6F6A2008037DC /* MultilineSelfSizingCell.m in Sources */,
				11141D301AE6D989008037DC /* MultilineCell.m in Sources */,
				11141D0E1AE6D940008037DC /* AppDelegate.m in Sources */,
				11141D0B1AE6D940008037DC /* main.m in Sources */,
				11141D361AE6F653008037DC /* SelfSizingTableViewController.m in Sources */,
				11141D3C1AE6FFF5008037DC /* DetailViewController.m in Sources */,
			);
			runOnlyForDeploymentPostprocessing = 0;
		};
		11141D1A1AE6D940008037DC /* Sources */ = {
			isa = PBXSourcesBuildPhase;
			buildActionMask = 2147483647;
			files = (
				11141D251AE6D940008037DC /* MultilineCellExampleTests.m in Sources */,
			);
			runOnlyForDeploymentPostprocessing = 0;
		};
/* End PBXSourcesBuildPhase section */

/* Begin PBXTargetDependency section */
		11141D201AE6D940008037DC /* PBXTargetDependency */ = {
			isa = PBXTargetDependency;
			target = 11141D041AE6D940008037DC /* MultilineCellExample */;
			targetProxy = 11141D1F1AE6D940008037DC /* PBXContainerItemProxy */;
		};
/* End PBXTargetDependency section */

/* Begin PBXVariantGroup section */
		11141D121AE6D940008037DC /* Main.storyboard */ = {
			isa = PBXVariantGroup;
			children = (
				11141D131AE6D940008037DC /* Base */,
			);
			name = Main.storyboard;
			sourceTree = "<group>";
		};
		11141D171AE6D940008037DC /* LaunchScreen.xib */ = {
			isa = PBXVariantGroup;
			children = (
				11141D181AE6D940008037DC /* Base */,
			);
			name = LaunchScreen.xib;
			sourceTree = "<group>";
		};
/* End PBXVariantGroup section */

/* Begin XCBuildConfiguration section */
		11141D261AE6D940008037DC /* Debug */ = {
			isa = XCBuildConfiguration;
			buildSettings = {
				ALWAYS_SEARCH_USER_PATHS = NO;
				CLANG_CXX_LANGUAGE_STANDARD = "gnu++0x";
				CLANG_CXX_LIBRARY = "libc++";
				CLANG_ENABLE_MODULES = YES;
				CLANG_ENABLE_OBJC_ARC = YES;
				CLANG_WARN_BOOL_CONVERSION = YES;
				CLANG_WARN_CONSTANT_CONVERSION = YES;
				CLANG_WARN_DIRECT_OBJC_ISA_USAGE = YES_ERROR;
				CLANG_WARN_EMPTY_BODY = YES;
				CLANG_WARN_ENUM_CONVERSION = YES;
				CLANG_WARN_INT_CONVERSION = YES;
				CLANG_WARN_OBJC_ROOT_CLASS = YES_ERROR;
				CLANG_WARN_UNREACHABLE_CODE = YES;
				CLANG_WARN__DUPLICATE_METHOD_MATCH = YES;
				"CODE_SIGN_IDENTITY[sdk=iphoneos*]" = "iPhone Developer";
				COPY_PHASE_STRIP = NO;
				DEBUG_INFORMATION_FORMAT = "dwarf-with-dsym";
				ENABLE_STRICT_OBJC_MSGSEND = YES;
				GCC_C_LANGUAGE_STANDARD = gnu99;
				GCC_DYNAMIC_NO_PIC = NO;
				GCC_NO_COMMON_BLOCKS = YES;
				GCC_OPTIMIZATION_LEVEL = 0;
				GCC_PREPROCESSOR_DEFINITIONS = (
					"DEBUG=1",
					"$(inherited)",
				);
				GCC_SYMBOLS_PRIVATE_EXTERN = NO;
				GCC_WARN_64_TO_32_BIT_CONVERSION = YES;
				GCC_WARN_ABOUT_RETURN_TYPE = YES_ERROR;
				GCC_WARN_UNDECLARED_SELECTOR = YES;
				GCC_WARN_UNINITIALIZED_AUTOS = YES_AGGRESSIVE;
				GCC_WARN_UNUSED_FUNCTION = YES;
				GCC_WARN_UNUSED_VARIABLE = YES;
				IPHONEOS_DEPLOYMENT_TARGET = 8.3;
				MTL_ENABLE_DEBUG_INFO = YES;
				ONLY_ACTIVE_ARCH = YES;
				SDKROOT = iphoneos;
			};
			name = Debug;
		};
		11141D271AE6D940008037DC /* Release */ = {
			isa = XCBuildConfiguration;
			buildSettings = {
				ALWAYS_SEARCH_USER_PATHS = NO;
				CLANG_CXX_LANGUAGE_STANDARD = "gnu++0x";
				CLANG_CXX_LIBRARY = "libc++";
				CLANG_ENABLE_MODULES = YES;
				CLANG_ENABLE_OBJC_ARC = YES;
				CLANG_WARN_BOOL_CONVERSION = YES;
				CLANG_WARN_CONSTANT_CONVERSION = YES;
				CLANG_WARN_DIRECT_OBJC_ISA_USAGE = YES_ERROR;
				CLANG_WARN_EMPTY_BODY = YES;
				CLANG_WARN_ENUM_CONVERSION = YES;
				CLANG_WARN_INT_CONVERSION = YES;
				CLANG_WARN_OBJC_ROOT_CLASS = YES_ERROR;
				CLANG_WARN_UNREACHABLE_CODE = YES;
				CLANG_WARN__DUPLICATE_METHOD_MATCH = YES;
				"CODE_SIGN_IDENTITY[sdk=iphoneos*]" = "iPhone Developer";
				COPY_PHASE_STRIP = NO;
				DEBUG_INFORMATION_FORMAT = "dwarf-with-dsym";
				ENABLE_NS_ASSERTIONS = NO;
				ENABLE_STRICT_OBJC_MSGSEND = YES;
				GCC_C_LANGUAGE_STANDARD = gnu99;
				GCC_NO_COMMON_BLOCKS = YES;
				GCC_WARN_64_TO_32_BIT_CONVERSION = YES;
				GCC_WARN_ABOUT_RETURN_TYPE = YES_ERROR;
				GCC_WARN_UNDECLARED_SELECTOR = YES;
				GCC_WARN_UNINITIALIZED_AUTOS = YES_AGGRESSIVE;
				GCC_WARN_UNUSED_FUNCTION = YES;
				GCC_WARN_UNUSED_VARIABLE = YES;
				IPHONEOS_DEPLOYMENT_TARGET = 8.3;
				MTL_ENABLE_DEBUG_INFO = NO;
				SDKROOT = iphoneos;
				VALIDATE_PRODUCT = YES;
			};
			name = Release;
		};
		11141D291AE6D940008037DC /* Debug */ = {
			isa = XCBuildConfiguration;
			buildSettings = {
				ASSETCATALOG_COMPILER_APPICON_NAME = AppIcon;
				INFOPLIST_FILE = MultilineCellExample/Info.plist;
				IPHONEOS_DEPLOYMENT_TARGET = 8.0;
				LD_RUNPATH_SEARCH_PATHS = "$(inherited) @executable_path/Frameworks";
				PRODUCT_NAME = "$(TARGET_NAME)";
			};
			name = Debug;
		};
		11141D2A1AE6D940008037DC /* Release */ = {
			isa = XCBuildConfiguration;
			buildSettings = {
				ASSETCATALOG_COMPILER_APPICON_NAME = AppIcon;
				INFOPLIST_FILE = MultilineCellExample/Info.plist;
				IPHONEOS_DEPLOYMENT_TARGET = 8.0;
				LD_RUNPATH_SEARCH_PATHS = "$(inherited) @executable_path/Frameworks";
				PRODUCT_NAME = "$(TARGET_NAME)";
			};
			name = Release;
		};
		11141D2C1AE6D940008037DC /* Debug */ = {
			isa = XCBuildConfiguration;
			buildSettings = {
				BUNDLE_LOADER = "$(TEST_HOST)";
				FRAMEWORK_SEARCH_PATHS = (
					"$(SDKROOT)/Developer/Library/Frameworks",
					"$(inherited)",
				);
				GCC_PREPROCESSOR_DEFINITIONS = (
					"DEBUG=1",
					"$(inherited)",
				);
				INFOPLIST_FILE = MultilineCellExampleTests/Info.plist;
				LD_RUNPATH_SEARCH_PATHS = "$(inherited) @executable_path/Frameworks @loader_path/Frameworks";
				PRODUCT_NAME = "$(TARGET_NAME)";
				TEST_HOST = "$(BUILT_PRODUCTS_DIR)/MultilineCellExample.app/MultilineCellExample";
			};
			name = Debug;
		};
		11141D2D1AE6D940008037DC /* Release */ = {
			isa = XCBuildConfiguration;
			buildSettings = {
				BUNDLE_LOADER = "$(TEST_HOST)";
				FRAMEWORK_SEARCH_PATHS = (
					"$(SDKROOT)/Developer/Library/Frameworks",
					"$(inherited)",
				);
				INFOPLIST_FILE = MultilineCellExampleTests/Info.plist;
				LD_RUNPATH_SEARCH_PATHS = "$(inherited) @executable_path/Frameworks @loader_path/Frameworks";
				PRODUCT_NAME = "$(TARGET_NAME)";
				TEST_HOST = "$(BUILT_PRODUCTS_DIR)/MultilineCellExample.app/MultilineCellExample";
			};
			name = Release;
		};
/* End XCBuildConfiguration section */

/* Begin XCConfigurationList section */
		11141D001AE6D940008037DC /* Build configuration list for PBXProject "MultilineCellExample" */ = {
			isa = XCConfigurationList;
			buildConfigurations = (
				11141D261AE6D940008037DC /* Debug */,
				11141D271AE6D940008037DC /* Release */,
			);
			defaultConfigurationIsVisible = 0;
			defaultConfigurationName = Release;
		};
		11141D281AE6D940008037DC /* Build configuration list for PBXNativeTarget "MultilineCellExample" */ = {
			isa = XCConfigurationList;
			buildConfigurations = (
				11141D291AE6D940008037DC /* Debug */,
				11141D2A1AE6D940008037DC /* Release */,
			);
			defaultConfigurationIsVisible = 0;
		};
		11141D2B1AE6D940008037DC /* Build configuration list for PBXNativeTarget "MultilineCellExampleTests" */ = {
			isa = XCConfigurationList;
			buildConfigurations = (
				11141D2C1AE6D940008037DC /* Debug */,
				11141D2D1AE6D940008037DC /* Release */,
			);
			defaultConfigurationIsVisible = 0;
		};
/* End XCConfigurationList section */
	};
	rootObject = 11141CFD1AE6D940008037DC /* Project object */;
}
